// !$*UTF8*$!
{
	archiveVersion = 1;
	classes = {
	};
	objectVersion = 71;
	objects = {

/* Begin PBXBuildFile section */
		A00000000000000000000101 /* ReSeeApp.swift in Sources */ = {isa = PBXBuildFile; fileRef = A00000000000000000000201 /* ReSeeApp.swift */; };
		A00000000000000000000102 /* RootView.swift in Sources */ = {isa = PBXBuildFile; fileRef = A00000000000000000000202 /* RootView.swift */; };
		A00000000000000000000103 /* AppTheme.swift in Sources */ = {isa = PBXBuildFile; fileRef = A00000000000000000000203 /* AppTheme.swift */; };
		A00000000000000000000104 /* SpatialScene.swift in Sources */ = {isa = PBXBuildFile; fileRef = A00000000000000000000204 /* SpatialScene.swift */; };
		A00000000000000000000105 /* SpatialAnnotation.swift in Sources */ = {isa = PBXBuildFile; fileRef = A00000000000000000000205 /* SpatialAnnotation.swift */; };
		A00000000000000000000106 /* SceneRepository.swift in Sources */ = {isa = PBXBuildFile; fileRef = A00000000000000000000206 /* SceneRepository.swift */; };
		A00000000000000000000107 /* SceneLibraryView.swift in Sources */ = {isa = PBXBuildFile; fileRef = A00000000000000000000207 /* SceneLibraryView.swift */; };
		A00000000000000000000108 /* CaptureView.swift in Sources */ = {isa = PBXBuildFile; fileRef = A00000000000000000000208 /* CaptureView.swift */; };
		A00000000000000000000109 /* ARCaptureView.swift in Sources */ = {isa = PBXBuildFile; fileRef = A00000000000000000000209 /* ARCaptureView.swift */; };
		A0000000000000000000010A /* SceneViewerView.swift in Sources */ = {isa = PBXBuildFile; fileRef = A0000000000000000000020A /* SceneViewerView.swift */; };
		A0000000000000000000010B /* Assets.xcassets in Resources */ = {isa = PBXBuildFile; fileRef = A0000000000000000000020B /* Assets.xcassets */; };
		A0000000000000000000010C /* SpatialSceneTests.swift in Sources */ = {isa = PBXBuildFile; fileRef = A0000000000000000000020D /* SpatialSceneTests.swift */; };
		A0000000000000000000010D /* XCTest.framework in Frameworks */ = {isa = PBXBuildFile; fileRef = A0000000000000000000020E /* XCTest.framework */; };
		A0000000000000000000010F /* RecordingType.swift in Sources */ = {isa = PBXBuildFile; fileRef = A00000000000000000000212 /* RecordingType.swift */; };
		A00000000000000000000110 /* RenderedScene.swift in Sources */ = {isa = PBXBuildFile; fileRef = A00000000000000000000213 /* RenderedScene.swift */; };
		A00000000000000000000111 /* SceneRenderingService.swift in Sources */ = {isa = PBXBuildFile; fileRef = A00000000000000000000214 /* SceneRenderingService.swift */; };
		A00000000000000000000112 /* AppSettings.swift in Sources */ = {isa = PBXBuildFile; fileRef = A00000000000000000000215 /* AppSettings.swift */; };
		A00000000000000000000113 /* ICloudSceneSyncService.swift in Sources */ = {isa = PBXBuildFile; fileRef = A00000000000000000000216 /* ICloudSceneSyncService.swift */; };
		A00000000000000000000114 /* SettingsView.swift in Sources */ = {isa = PBXBuildFile; fileRef = A00000000000000000000217 /* SettingsView.swift */; };
/* End PBXBuildFile section */

/* Begin PBXContainerItemProxy section */
		A00000000000000000000301 /* PBXContainerItemProxy */ = {
			isa = PBXContainerItemProxy;
			containerPortal = A00000000000000000000601 /* Project object */;
			proxyType = 1;
			remoteGlobalIDString = A00000000000000000000501;
			remoteInfo = ReSee;
		};
/* End PBXContainerItemProxy section */

/* Begin PBXFileReference section */
		A00000000000000000000201 /* ReSeeApp.swift */ = {isa = PBXFileReference; lastKnownFileType = sourcecode.swift; path = ReSeeApp.swift; sourceTree = "<group>"; };
		A00000000000000000000202 /* RootView.swift */ = {isa = PBXFileReference; lastKnownFileType = sourcecode.swift; path = RootView.swift; sourceTree = "<group>"; };
		A00000000000000000000203 /* AppTheme.swift */ = {isa = PBXFileReference; lastKnownFileType = sourcecode.swift; path = AppTheme.swift; sourceTree = "<group>"; };
		A00000000000000000000204 /* SpatialScene.swift */ = {isa = PBXFileReference; lastKnownFileType = sourcecode.swift; path = SpatialScene.swift; sourceTree = "<group>"; };
		A00000000000000000000205 /* SpatialAnnotation.swift */ = {isa = PBXFileReference; lastKnownFileType = sourcecode.swift; path = SpatialAnnotation.swift; sourceTree = "<group>"; };
		A00000000000000000000206 /* SceneRepository.swift */ = {isa = PBXFileReference; lastKnownFileType = sourcecode.swift; path = SceneRepository.swift; sourceTree = "<group>"; };
		A00000000000000000000207 /* SceneLibraryView.swift */ = {isa = PBXFileReference; lastKnownFileType = sourcecode.swift; path = SceneLibraryView.swift; sourceTree = "<group>"; };
		A00000000000000000000208 /* CaptureView.swift */ = {isa = PBXFileReference; lastKnownFileType = sourcecode.swift; path = CaptureView.swift; sourceTree = "<group>"; };
		A00000000000000000000209 /* ARCaptureView.swift */ = {isa = PBXFileReference; lastKnownFileType = sourcecode.swift; path = ARCaptureView.swift; sourceTree = "<group>"; };
		A0000000000000000000020A /* SceneViewerView.swift */ = {isa = PBXFileReference; lastKnownFileType = sourcecode.swift; path = SceneViewerView.swift; sourceTree = "<group>"; };
		A0000000000000000000020B /* Assets.xcassets */ = {isa = PBXFileReference; lastKnownFileType = folder.assetcatalog; path = Assets.xcassets; sourceTree = "<group>"; };
		A0000000000000000000020C /* Info.plist */ = {isa = PBXFileReference; lastKnownFileType = text.plist.xml; path = Info.plist; sourceTree = "<group>"; };
		A0000000000000000000020D /* SpatialSceneTests.swift */ = {isa = PBXFileReference; lastKnownFileType = sourcecode.swift; path = SpatialSceneTests.swift; sourceTree = "<group>"; };
		A0000000000000000000020E /* XCTest.framework */ = {isa = PBXFileReference; lastKnownFileType = wrapper.framework; name = XCTest.framework; path = System/Library/Frameworks/XCTest.framework; sourceTree = SDKROOT; };
		A00000000000000000000210 /* ReSee.app */ = {isa = PBXFileReference; explicitFileType = wrapper.application; includeInIndex = 0; path = ReSee.app; sourceTree = BUILT_PRODUCTS_DIR; };
		A00000000000000000000211 /* ReSeeTests.xctest */ = {isa = PBXFileReference; explicitFileType = wrapper.cfbundle; includeInIndex = 0; path = ReSeeTests.xctest; sourceTree = BUILT_PRODUCTS_DIR; };
		A00000000000000000000212 /* RecordingType.swift */ = {isa = PBXFileReference; lastKnownFileType = sourcecode.swift; path = RecordingType.swift; sourceTree = "<group>"; };
		A00000000000000000000213 /* RenderedScene.swift */ = {isa = PBXFileReference; lastKnownFileType = sourcecode.swift; path = RenderedScene.swift; sourceTree = "<group>"; };
		A00000000000000000000214 /* SceneRenderingService.swift */ = {isa = PBXFileReference; lastKnownFileType = sourcecode.swift; path = SceneRenderingService.swift; sourceTree = "<group>"; };
		A00000000000000000000215 /* AppSettings.swift */ = {isa = PBXFileReference; lastKnownFileType = sourcecode.swift; path = AppSettings.swift; sourceTree = "<group>"; };
		A00000000000000000000216 /* ICloudSceneSyncService.swift */ = {isa = PBXFileReference; lastKnownFileType = sourcecode.swift; path = ICloudSceneSyncService.swift; sourceTree = "<group>"; };
		A00000000000000000000217 /* SettingsView.swift */ = {isa = PBXFileReference; lastKnownFileType = sourcecode.swift; path = SettingsView.swift; sourceTree = "<group>"; };
		A00000000000000000000218 /* ReSee.entitlements */ = {isa = PBXFileReference; lastKnownFileType = text.plist.entitlements; path = ReSee.entitlements; sourceTree = "<group>"; };
/* End PBXFileReference section */

/* Begin PBXFrameworksBuildPhase section */
		A00000000000000000000401 /* Frameworks */ = {
			isa = PBXFrameworksBuildPhase;
			buildActionMask = 2147483647;
			files = (
			);
			runOnlyForDeploymentPostprocessing = 0;
		};
		A00000000000000000000402 /* Frameworks */ = {
			isa = PBXFrameworksBuildPhase;
			buildActionMask = 2147483647;
			files = (
				A0000000000000000000010D /* XCTest.framework in Frameworks */,
			);
			runOnlyForDeploymentPostprocessing = 0;
		};
/* End PBXFrameworksBuildPhase section */

/* Begin PBXGroup section */
		A00000000000000000000701 = {
			isa = PBXGroup;
			children = (
				A00000000000000000000702 /* ReSee */,
				A0000000000000000000070A /* ReSeeTests */,
				A0000000000000000000070B /* Frameworks */,
				A0000000000000000000070C /* Products */,
			);
			sourceTree = "<group>";
		};
		A00000000000000000000702 /* ReSee */ = {
			isa = PBXGroup;
			children = (
				A00000000000000000000703 /* App */,
				A00000000000000000000704 /* Models */,
				A00000000000000000000705 /* Features */,
				A00000000000000000000709 /* Services */,
				A0000000000000000000070D /* Resources */,
				A00000000000000000000218 /* ReSee.entitlements */,
			);
			path = ReSee;
			sourceTree = "<group>";
		};
		A00000000000000000000703 /* App */ = {
			isa = PBXGroup;
			children = (
				A00000000000000000000201 /* ReSeeApp.swift */,
				A00000000000000000000202 /* RootView.swift */,
				A00000000000000000000203 /* AppTheme.swift */,
			);
			path = App;
			sourceTree = "<group>";
		};
		A00000000000000000000704 /* Models */ = {
			isa = PBXGroup;
			children = (
				A00000000000000000000204 /* SpatialScene.swift */,
				A00000000000000000000205 /* SpatialAnnotation.swift */,
				A00000000000000000000212 /* RecordingType.swift */,
				A00000000000000000000213 /* RenderedScene.swift */,
				A00000000000000000000215 /* AppSettings.swift */,
			);
			path = Models;
			sourceTree = "<group>";
		};
		A00000000000000000000705 /* Features */ = {
			isa = PBXGroup;
			children = (
				A00000000000000000000706 /* Capture */,
				A00000000000000000000707 /* Library */,
				A00000000000000000000708 /* Viewer */,
				A0000000000000000000070E /* Settings */,
			);
			path = Features;
			sourceTree = "<group>";
		};
		A00000000000000000000706 /* Capture */ = {
			isa = PBXGroup;
			children = (
				A00000000000000000000208 /* CaptureView.swift */,
				A00000000000000000000209 /* ARCaptureView.swift */,
			);
			path = Capture;
			sourceTree = "<group>";
		};
		A00000000000000000000707 /* Library */ = {
			isa = PBXGroup;
			children = (
				A00000000000000000000207 /* SceneLibraryView.swift */,
			);
			path = Library;
			sourceTree = "<group>";
		};
		A00000000000000000000708 /* Viewer */ = {
			isa = PBXGroup;
			children = (
				A0000000000000000000020A /* SceneViewerView.swift */,
			);
			path = Viewer;
			sourceTree = "<group>";
		};
		A00000000000000000000709 /* Services */ = {
			isa = PBXGroup;
			children = (
				A00000000000000000000206 /* SceneRepository.swift */,
				A00000000000000000000214 /* SceneRenderingService.swift */,
				A00000000000000000000216 /* ICloudSceneSyncService.swift */,
			);
			path = Services;
			sourceTree = "<group>";
		};
		A0000000000000000000070E /* Settings */ = {
			isa = PBXGroup;
			children = (
				A00000000000000000000217 /* SettingsView.swift */,
			);
			path = Settings;
			sourceTree = "<group>";
		};
		A0000000000000000000070A /* ReSeeTests */ = {
			isa = PBXGroup;
			children = (
				A0000000000000000000020D /* SpatialSceneTests.swift */,
			);
			path = ReSeeTests;
			sourceTree = "<group>";
		};
		A0000000000000000000070B /* Frameworks */ = {
			isa = PBXGroup;
			children = (
				A0000000000000000000020E /* XCTest.framework */,
			);
			name = Frameworks;
			sourceTree = "<group>";
		};
		A0000000000000000000070C /* Products */ = {
			isa = PBXGroup;
			children = (
				A00000000000000000000210 /* ReSee.app */,
				A00000000000000000000211 /* ReSeeTests.xctest */,
			);
			name = Products;
			sourceTree = "<group>";
		};
		A0000000000000000000070D /* Resources */ = {
			isa = PBXGroup;
			children = (
				A0000000000000000000020B /* Assets.xcassets */,
				A0000000000000000000020C /* Info.plist */,
			);
			path = Resources;
			sourceTree = "<group>";
		};
/* End PBXGroup section */

/* Begin PBXNativeTarget section */
		A00000000000000000000501 /* ReSee */ = {
			isa = PBXNativeTarget;
			buildConfigurationList = A00000000000000000000802 /* Build configuration list for PBXNativeTarget "ReSee" */;
			buildPhases = (
				A00000000000000000000411 /* Sources */,
				A00000000000000000000401 /* Frameworks */,
				A00000000000000000000421 /* Resources */,
			);
			buildRules = (
			);
			dependencies = (
			);
			name = ReSee;
			productName = ReSee;
			productReference = A00000000000000000000210 /* ReSee.app */;
			productType = "com.apple.product-type.application";
		};
		A00000000000000000000502 /* ReSeeTests */ = {
			isa = PBXNativeTarget;
			buildConfigurationList = A00000000000000000000803 /* Build configuration list for PBXNativeTarget "ReSeeTests" */;
			buildPhases = (
				A00000000000000000000412 /* Sources */,
				A00000000000000000000402 /* Frameworks */,
				A00000000000000000000422 /* Resources */,
			);
			buildRules = (
			);
			dependencies = (
				A00000000000000000000302 /* PBXTargetDependency */,
			);
			name = ReSeeTests;
			productName = ReSeeTests;
			productReference = A00000000000000000000211 /* ReSeeTests.xctest */;
			productType = "com.apple.product-type.bundle.unit-test";
		};
/* End PBXNativeTarget section */

/* Begin PBXProject section */
		A00000000000000000000601 /* Project object */ = {
			isa = PBXProject;
			attributes = {
				BuildIndependentTargetsInParallel = 1;
				LastSwiftUpdateCheck = 2600;
				LastUpgradeCheck = 2600;
				TargetAttributes = {
					A00000000000000000000501 = {
						CreatedOnToolsVersion = 26.0;
						SystemCapabilities = {
							com.apple.iCloud = {
								enabled = 1;
							};
						};
					};
					A00000000000000000000502 = {
						CreatedOnToolsVersion = 26.0;
						TestTargetID = A00000000000000000000501;
					};
				};
			};
			buildConfigurationList = A00000000000000000000801 /* Build configuration list for PBXProject "ReSee" */;
			compatibilityVersion = "Xcode 16.0";
			developmentRegion = zh_CN;
			hasScannedForEncodings = 0;
			knownRegions = (
				Base,
				zh_CN,
				en,
			);
			mainGroup = A00000000000000000000701;
			productRefGroup = A0000000000000000000070C /* Products */;
			projectDirPath = "";
			projectRoot = "";
			targets = (
				A00000000000000000000501 /* ReSee */,
				A00000000000000000000502 /* ReSeeTests */,
			);
		};
/* End PBXProject section */

/* Begin PBXResourcesBuildPhase section */
		A00000000000000000000421 /* Resources */ = {
			isa = PBXResourcesBuildPhase;
			buildActionMask = 2147483647;
			files = (
				A0000000000000000000010B /* Assets.xcassets in Resources */,
			);
			runOnlyForDeploymentPostprocessing = 0;
		};
		A00000000000000000000422 /* Resources */ = {
			isa = PBXResourcesBuildPhase;
			buildActionMask = 2147483647;
			files = (
			);
			runOnlyForDeploymentPostprocessing = 0;
		};
/* End PBXResourcesBuildPhase section */

/* Begin PBXSourcesBuildPhase section */
		A00000000000000000000411 /* Sources */ = {
			isa = PBXSourcesBuildPhase;
			buildActionMask = 2147483647;
			files = (
				A00000000000000000000101 /* ReSeeApp.swift in Sources */,
				A00000000000000000000102 /* RootView.swift in Sources */,
				A00000000000000000000103 /* AppTheme.swift in Sources */,
				A00000000000000000000104 /* SpatialScene.swift in Sources */,
				A00000000000000000000105 /* SpatialAnnotation.swift in Sources */,
				A00000000000000000000106 /* SceneRepository.swift in Sources */,
				A00000000000000000000107 /* SceneLibraryView.swift in Sources */,
				A00000000000000000000108 /* CaptureView.swift in Sources */,
				A00000000000000000000109 /* ARCaptureView.swift in Sources */,
				A0000000000000000000010A /* SceneViewerView.swift in Sources */,
				A0000000000000000000010F /* RecordingType.swift in Sources */,
				A00000000000000000000110 /* RenderedScene.swift in Sources */,
				A00000000000000000000111 /* SceneRenderingService.swift in Sources */,
				A00000000000000000000112 /* AppSettings.swift in Sources */,
				A00000000000000000000113 /* ICloudSceneSyncService.swift in Sources */,
				A00000000000000000000114 /* SettingsView.swift in Sources */,
			);
			runOnlyForDeploymentPostprocessing = 0;
		};
		A00000000000000000000412 /* Sources */ = {
			isa = PBXSourcesBuildPhase;
			buildActionMask = 2147483647;
			files = (
				A0000000000000000000010C /* SpatialSceneTests.swift in Sources */,
			);
			runOnlyForDeploymentPostprocessing = 0;
		};
/* End PBXSourcesBuildPhase section */

/* Begin PBXTargetDependency section */
		A00000000000000000000302 /* PBXTargetDependency */ = {
			isa = PBXTargetDependency;
			target = A00000000000000000000501 /* ReSee */;
			targetProxy = A00000000000000000000301 /* PBXContainerItemProxy */;
		};
/* End PBXTargetDependency section */

/* Begin XCBuildConfiguration section */
		A00000000000000000000901 /* Debug */ = {
			isa = XCBuildConfiguration;
			buildSettings = {
				ALWAYS_SEARCH_USER_PATHS = NO;
				CLANG_ENABLE_MODULES = YES;
				CLANG_ENABLE_OBJC_ARC = YES;
				CLANG_WARN_BOOL_CONVERSION = YES;
				CLANG_WARN_CONSTANT_CONVERSION = YES;
				CLANG_WARN_DOCUMENTATION_COMMENTS = YES;
				CLANG_WARN_EMPTY_BODY = YES;
				CLANG_WARN_ENUM_CONVERSION = YES;
				CLANG_WARN_INFINITE_RECURSION = YES;
				CLANG_WARN_INT_CONVERSION = YES;
				CLANG_WARN_QUOTED_INCLUDE_IN_FRAMEWORK_HEADER = YES;
				CLANG_WARN_UNREACHABLE_CODE = YES;
				COPY_PHASE_STRIP = NO;
				DEBUG_INFORMATION_FORMAT = dwarf;
				ENABLE_TESTABILITY = YES;
				GCC_C_LANGUAGE_STANDARD = gnu17;
				GCC_OPTIMIZATION_LEVEL = 0;
				GCC_PREPROCESSOR_DEFINITIONS = (
					"DEBUG=1",
					"$(inherited)",
				);
				IPHONEOS_DEPLOYMENT_TARGET = 17.0;
				MTL_ENABLE_DEBUG_INFO = INCLUDE_SOURCE;
				ONLY_ACTIVE_ARCH = YES;
				SDKROOT = iphoneos;
				SWIFT_ACTIVE_COMPILATION_CONDITIONS = "DEBUG $(inherited)";
				SWIFT_OPTIMIZATION_LEVEL = "-Onone";
			};
			name = Debug;
		};
		A00000000000000000000902 /* Release */ = {
			isa = XCBuildConfiguration;
			buildSettings = {
				ALWAYS_SEARCH_USER_PATHS = NO;
				CLANG_ENABLE_MODULES = YES;
				CLANG_ENABLE_OBJC_ARC = YES;
				CLANG_WARN_BOOL_CONVERSION = YES;
				CLANG_WARN_CONSTANT_CONVERSION = YES;
				CLANG_WARN_DOCUMENTATION_COMMENTS = YES;
				CLANG_WARN_EMPTY_BODY = YES;
				CLANG_WARN_ENUM_CONVERSION = YES;
				CLANG_WARN_INFINITE_RECURSION = YES;
				CLANG_WARN_INT_CONVERSION = YES;
				CLANG_WARN_QUOTED_INCLUDE_IN_FRAMEWORK_HEADER = YES;
				CLANG_WARN_UNREACHABLE_CODE = YES;
				COPY_PHASE_STRIP = NO;
				DEBUG_INFORMATION_FORMAT = "dwarf-with-dsym";
				ENABLE_NS_ASSERTIONS = NO;
				GCC_C_LANGUAGE_STANDARD = gnu17;
				IPHONEOS_DEPLOYMENT_TARGET = 17.0;
				MTL_ENABLE_DEBUG_INFO = NO;
				SDKROOT = iphoneos;
				SWIFT_COMPILATION_MODE = wholemodule;
				VALIDATE_PRODUCT = YES;
			};
			name = Release;
		};
		A00000000000000000000903 /* Debug */ = {
			isa = XCBuildConfiguration;
			buildSettings = {
				ASSETCATALOG_COMPILER_APPICON_NAME = AppIcon;
				ASSETCATALOG_COMPILER_GLOBAL_ACCENT_COLOR_NAME = AccentColor;
				CODE_SIGN_STYLE = Automatic;
				CODE_SIGN_ENTITLEMENTS = ReSee/ReSee.entitlements;
				CURRENT_PROJECT_VERSION = 1;
				DEVELOPMENT_ASSET_PATHS = "";
				DEVELOPMENT_TEAM = 9Z7J4MT2AP;
				ENABLE_PREVIEWS = YES;
				GENERATE_INFOPLIST_FILE = NO;
				INFOPLIST_FILE = ReSee/Resources/Info.plist;
				INFOPLIST_KEY_UIApplicationSupportsIndirectInputEvents = YES;
				INFOPLIST_KEY_UILaunchScreen_Generation = YES;
				LD_RUNPATH_SEARCH_PATHS = (
					"$(inherited)",
					"@executable_path/Frameworks",
				);
				MARKETING_VERSION = 0.1.0;
				PRODUCT_BUNDLE_IDENTIFIER = com.bugwz.resee;
				PRODUCT_NAME = "$(TARGET_NAME)";
				SUPPORTED_PLATFORMS = "iphoneos iphonesimulator";
				SUPPORTS_MACCATALYST = NO;
				SWIFT_EMIT_LOC_STRINGS = YES;
				SWIFT_VERSION = 5.0;
				TARGETED_DEVICE_FAMILY = "1,2";
			};
			name = Debug;
		};
		A00000000000000000000904 /* Release */ = {
			isa = XCBuildConfiguration;
			buildSettings = {
				ASSETCATALOG_COMPILER_APPICON_NAME = AppIcon;
				ASSETCATALOG_COMPILER_GLOBAL_ACCENT_COLOR_NAME = AccentColor;
				CODE_SIGN_STYLE = Automatic;
				CODE_SIGN_ENTITLEMENTS = ReSee/ReSee.entitlements;
				CURRENT_PROJECT_VERSION = 1;
				DEVELOPMENT_ASSET_PATHS = "";
				DEVELOPMENT_TEAM = 9Z7J4MT2AP;
				ENABLE_PREVIEWS = YES;
				GENERATE_INFOPLIST_FILE = NO;
				INFOPLIST_FILE = ReSee/Resources/Info.plist;
				INFOPLIST_KEY_UIApplicationSupportsIndirectInputEvents = YES;
				INFOPLIST_KEY_UILaunchScreen_Generation = YES;
				LD_RUNPATH_SEARCH_PATHS = (
					"$(inherited)",
					"@executable_path/Frameworks",
				);
				MARKETING_VERSION = 0.1.0;
				PRODUCT_BUNDLE_IDENTIFIER = com.bugwz.resee;
				PRODUCT_NAME = "$(TARGET_NAME)";
				SUPPORTED_PLATFORMS = "iphoneos iphonesimulator";
				SUPPORTS_MACCATALYST = NO;
				SWIFT_EMIT_LOC_STRINGS = YES;
				SWIFT_VERSION = 5.0;
				TARGETED_DEVICE_FAMILY = "1,2";
			};
			name = Release;
		};
		A00000000000000000000905 /* Debug */ = {
			isa = XCBuildConfiguration;
			buildSettings = {
				BUNDLE_LOADER = "$(TEST_HOST)";
				CODE_SIGN_STYLE = Automatic;
				GENERATE_INFOPLIST_FILE = YES;
				IPHONEOS_DEPLOYMENT_TARGET = 17.0;
				LD_RUNPATH_SEARCH_PATHS = (
					"$(inherited)",
					"@executable_path/Frameworks",
					"@loader_path/Frameworks",
				);
				PRODUCT_BUNDLE_IDENTIFIER = com.bugwz.resee.tests;
				PRODUCT_NAME = "$(TARGET_NAME)";
				SWIFT_VERSION = 5.0;
				TARGETED_DEVICE_FAMILY = "1,2";
				TEST_HOST = "$(BUILT_PRODUCTS_DIR)/ReSee.app/$(BUNDLE_EXECUTABLE_FOLDER_PATH)/ReSee";
			};
			name = Debug;
		};
		A00000000000000000000906 /* Release */ = {
			isa = XCBuildConfiguration;
			buildSettings = {
				BUNDLE_LOADER = "$(TEST_HOST)";
				CODE_SIGN_STYLE = Automatic;
				GENERATE_INFOPLIST_FILE = YES;
				IPHONEOS_DEPLOYMENT_TARGET = 17.0;
				LD_RUNPATH_SEARCH_PATHS = (
					"$(inherited)",
					"@executable_path/Frameworks",
					"@loader_path/Frameworks",
				);
				PRODUCT_BUNDLE_IDENTIFIER = com.bugwz.resee.tests;
				PRODUCT_NAME = "$(TARGET_NAME)";
				SWIFT_VERSION = 5.0;
				TARGETED_DEVICE_FAMILY = "1,2";
				TEST_HOST = "$(BUILT_PRODUCTS_DIR)/ReSee.app/$(BUNDLE_EXECUTABLE_FOLDER_PATH)/ReSee";
			};
			name = Release;
		};
/* End XCBuildConfiguration section */

/* Begin XCConfigurationList section */
		A00000000000000000000801 /* Build configuration list for PBXProject "ReSee" */ = {
			isa = XCConfigurationList;
			buildConfigurations = (
				A00000000000000000000901 /* Debug */,
				A00000000000000000000902 /* Release */,
			);
			defaultConfigurationIsVisible = 0;
			defaultConfigurationName = Release;
		};
		A00000000000000000000802 /* Build configuration list for PBXNativeTarget "ReSee" */ = {
			isa = XCConfigurationList;
			buildConfigurations = (
				A00000000000000000000903 /* Debug */,
				A00000000000000000000904 /* Release */,
			);
			defaultConfigurationIsVisible = 0;
			defaultConfigurationName = Release;
		};
		A00000000000000000000803 /* Build configuration list for PBXNativeTarget "ReSeeTests" */ = {
			isa = XCConfigurationList;
			buildConfigurations = (
				A00000000000000000000905 /* Debug */,
				A00000000000000000000906 /* Release */,
			);
			defaultConfigurationIsVisible = 0;
			defaultConfigurationName = Release;
		};
/* End XCConfigurationList section */
	};
	rootObject = A00000000000000000000601 /* Project object */;
}
